
Microsoft Visual Studio Solution File, Format Version 12.00
# Visual Studio Version 16
VisualStudioVersion = 16.0.29806.167
MinimumVisualStudioVersion = 10.0.40219.1
Project("{FAE04EC0-301F-11D3-BF4B-00C04F79EFBC}") = "BinarySignal", "BinarySignal\BinarySignal.csproj", "{2BE8346B-E9BF-4B83-AA3D-D00C01D97CD8}"
EndProject
Global
	GlobalSection(SolutionConfigurationPlatforms) = preSolution
		Debug|Any CPU = Debug|Any CPU
		Release|Any CPU = Release|Any CPU
	EndGlobalSection
	GlobalSection(ProjectConfigurationPlatforms) = postSolution
		{2BE8346B-E9BF-4B83-AA3D-D00C01D97CD8}.Debug|Any CPU.ActiveCfg = Debug|Any CPU
		{2BE8346B-E9BF-4B83-AA3D-D00C01D97CD8}.Debug|Any CPU.Build.0 = Debug|Any CPU
		{2BE8346B-E9BF-4B83-AA3D-D00C01D97CD8}.Release|Any CPU.ActiveCfg = Release|Any CPU
		{2BE8346B-E9BF-4B83-AA3D-D00C01D97CD8}.Release|Any CPU.Build.0 = Release|Any CPU
	EndGlobalSection
	GlobalSection(SolutionProperties) = preSolution
		HideSolutionNode = FALSE
	EndGlobalSection
	GlobalSection(ExtensibilityGlobals) = postSolution
		SolutionGuid = {9B7C0D0C-A96C-4722-8E19-148F1B5E47D6}
	EndGlobalSection
EndGlobal
